
Microsoft Visual Studio Solution File, Format Version 12.00
# Visual Studio 15
VisualStudioVersion = 15.0.27130.2020
MinimumVisualStudioVersion = 10.0.40219.1
Project("{9A19103F-16F7-4668-BE54-9A1E7A4F7556}") = "GeekBurger.Orders.API", "GeekBurger.Orders.API\GeekBurger.Orders.API.csproj", "{2052C06E-AA49-4773-8DE6-53DCB70DE005}"
EndProject
Project("{9A19103F-16F7-4668-BE54-9A1E7A4F7556}") = "GeekBurger.Orders.Contract", "GeekBurger.Orders.Contract\GeekBurger.Orders.Contract.csproj", "{FD2F5BD2-DCC5-46B0-BB75-B548490C31A5}"
EndProject
Project("{FAE04EC0-301F-11D3-BF4B-00C04F79EFBC}") = "GeekBurger.Orders.Mocks", "GeekBurger.Orders.Mocks\GeekBurger.Orders.Mocks.csproj", "{21F213C8-05FE-40C7-9D3A-DBCD96AF9727}"
EndProject
Global
	GlobalSection(SolutionConfigurationPlatforms) = preSolution
		Debug|Any CPU = Debug|Any CPU
		Release|Any CPU = Release|Any CPU
	EndGlobalSection
	GlobalSection(ProjectConfigurationPlatforms) = postSolution
		{2052C06E-AA49-4773-8DE6-53DCB70DE005}.Debug|Any CPU.ActiveCfg = Debug|Any CPU
		{2052C06E-AA49-4773-8DE6-53DCB70DE005}.Debug|Any CPU.Build.0 = Debug|Any CPU
		{2052C06E-AA49-4773-8DE6-53DCB70DE005}.Release|Any CPU.ActiveCfg = Release|Any CPU
		{2052C06E-AA49-4773-8DE6-53DCB70DE005}.Release|Any CPU.Build.0 = Release|Any CPU
		{FD2F5BD2-DCC5-46B0-BB75-B548490C31A5}.Debug|Any CPU.ActiveCfg = Debug|Any CPU
		{FD2F5BD2-DCC5-46B0-BB75-B548490C31A5}.Debug|Any CPU.Build.0 = Debug|Any CPU
		{FD2F5BD2-DCC5-46B0-BB75-B548490C31A5}.Release|Any CPU.ActiveCfg = Release|Any CPU
		{FD2F5BD2-DCC5-46B0-BB75-B548490C31A5}.Release|Any CPU.Build.0 = Release|Any CPU
		{21F213C8-05FE-40C7-9D3A-DBCD96AF9727}.Debug|Any CPU.ActiveCfg = Debug|Any CPU
		{21F213C8-05FE-40C7-9D3A-DBCD96AF9727}.Debug|Any CPU.Build.0 = Debug|Any CPU
		{21F213C8-05FE-40C7-9D3A-DBCD96AF9727}.Release|Any CPU.ActiveCfg = Release|Any CPU
		{21F213C8-05FE-40C7-9D3A-DBCD96AF9727}.Release|Any CPU.Build.0 = Release|Any CPU
	EndGlobalSection
	GlobalSection(SolutionProperties) = preSolution
		HideSolutionNode = FALSE
	EndGlobalSection
	GlobalSection(ExtensibilityGlobals) = postSolution
		SolutionGuid = {A784A11F-80B8-459B-9B65-65D69D7AF9F4}
	EndGlobalSection
EndGlobal
